#MicroXplorer Configuration settings - do not modify
CAD.formats=
CAD.pinconfig=
CAD.provider=
Dma.Request0=USART2_RX
Dma.Request1=USART1_RX
Dma.Request2=USART3_RX
Dma.Request3=SPI1_TX
Dma.Request4=SAI1_A
Dma.Request5=SPI4_TX
Dma.RequestsNb=6
Dma.SAI1_A.4.Direction=DMA_MEMORY_TO_PERIPH
Dma.SAI1_A.4.EventEnable=DISABLE
Dma.SAI1_A.4.FIFOMode=DMA_FIFOMODE_DISABLE
Dma.SAI1_A.4.Instance=DMA1_Stream4
Dma.SAI1_A.4.MemDataAlignment=DMA_MDATAALIGN_HALFWORD
Dma.SAI1_A.4.MemInc=DMA_MINC_ENABLE
Dma.SAI1_A.4.Mode=DMA_NORMAL
Dma.SAI1_A.4.PeriphDataAlignment=DMA_PDATAALIGN_HALFWORD
Dma.SAI1_A.4.PeriphInc=DMA_PINC_DISABLE
Dma.SAI1_A.4.Polarity=HAL_DMAMUX_REQ_GEN_RISING
Dma.SAI1_A.4.Priority=DMA_PRIORITY_LOW
Dma.SAI1_A.4.RequestNumber=1
Dma.SAI1_A.4.RequestParameters=Instance,Direction,PeriphInc,MemInc,PeriphDataAlignment,MemDataAlignment,Mode,Priority,FIFOMode,SignalID,Polarity,RequestNumber,SyncSignalID,SyncPolarity,SyncEnable,EventEnable,SyncRequestNumber
Dma.SAI1_A.4.SignalID=NONE
Dma.SAI1_A.4.SyncEnable=DISABLE
Dma.SAI1_A.4.SyncPolarity=HAL_DMAMUX_SYNC_NO_EVENT
Dma.SAI1_A.4.SyncRequestNumber=1
Dma.SAI1_A.4.SyncSignalID=NONE
Dma.SPI1_TX.3.Direction=DMA_MEMORY_TO_PERIPH
Dma.SPI1_TX.3.EventEnable=DISABLE
Dma.SPI1_TX.3.FIFOMode=DMA_FIFOMODE_DISABLE
Dma.SPI1_TX.3.Instance=DMA1_Stream3
Dma.SPI1_TX.3.MemDataAlignment=DMA_MDATAALIGN_HALFWORD
Dma.SPI1_TX.3.MemInc=DMA_MINC_ENABLE
Dma.SPI1_TX.3.Mode=DMA_NORMAL
Dma.SPI1_TX.3.PeriphDataAlignment=DMA_PDATAALIGN_HALFWORD
Dma.SPI1_TX.3.PeriphInc=DMA_PINC_DISABLE
Dma.SPI1_TX.3.Polarity=HAL_DMAMUX_REQ_GEN_RISING
Dma.SPI1_TX.3.Priority=DMA_PRIORITY_LOW
Dma.SPI1_TX.3.RequestNumber=1
Dma.SPI1_TX.3.RequestParameters=Instance,Direction,PeriphInc,MemInc,PeriphDataAlignment,MemDataAlignment,Mode,Priority,FIFOMode,SignalID,Polarity,RequestNumber,SyncSignalID,SyncPolarity,SyncEnable,EventEnable,SyncRequestNumber
Dma.SPI1_TX.3.SignalID=NONE
Dma.SPI1_TX.3.SyncEnable=DISABLE
Dma.SPI1_TX.3.SyncPolarity=HAL_DMAMUX_SYNC_NO_EVENT
Dma.SPI1_TX.3.SyncRequestNumber=1
Dma.SPI1_TX.3.SyncSignalID=NONE
Dma.SPI4_TX.5.Direction=DMA_MEMORY_TO_PERIPH
Dma.SPI4_TX.5.EventEnable=DISABLE
Dma.SPI4_TX.5.FIFOMode=DMA_FIFOMODE_DISABLE
Dma.SPI4_TX.5.Instance=DMA1_Stream5
Dma.SPI4_TX.5.MemDataAlignment=DMA_MDATAALIGN_HALFWORD
Dma.SPI4_TX.5.MemInc=DMA_MINC_ENABLE
Dma.SPI4_TX.5.Mode=DMA_NORMAL
Dma.SPI4_TX.5.PeriphDataAlignment=DMA_PDATAALIGN_HALFWORD
Dma.SPI4_TX.5.PeriphInc=DMA_PINC_DISABLE
Dma.SPI4_TX.5.Polarity=HAL_DMAMUX_REQ_GEN_RISING
Dma.SPI4_TX.5.Priority=DMA_PRIORITY_LOW
Dma.SPI4_TX.5.RequestNumber=1
Dma.SPI4_TX.5.RequestParameters=Instance,Direction,PeriphInc,MemInc,PeriphDataAlignment,MemDataAlignment,Mode,Priority,FIFOMode,SignalID,Polarity,RequestNumber,SyncSignalID,SyncPolarity,SyncEnable,EventEnable,SyncRequestNumber
Dma.SPI4_TX.5.SignalID=NONE
Dma.SPI4_TX.5.SyncEnable=DISABLE
Dma.SPI4_TX.5.SyncPolarity=HAL_DMAMUX_SYNC_NO_EVENT
Dma.SPI4_TX.5.SyncRequestNumber=1
Dma.SPI4_TX.5.SyncSignalID=NONE
Dma.USART1_RX.1.Direction=DMA_PERIPH_TO_MEMORY
Dma.USART1_RX.1.EventEnable=DISABLE
Dma.USART1_RX.1.FIFOMode=DMA_FIFOMODE_DISABLE
Dma.USART1_RX.1.Instance=DMA1_Stream1
Dma.USART1_RX.1.MemDataAlignment=DMA_MDATAALIGN_BYTE
Dma.USART1_RX.1.MemInc=DMA_MINC_ENABLE
Dma.USART1_RX.1.Mode=DMA_CIRCULAR
Dma.USART1_RX.1.PeriphDataAlignment=DMA_PDATAALIGN_BYTE
Dma.USART1_RX.1.PeriphInc=DMA_PINC_DISABLE
Dma.USART1_RX.1.Polarity=HAL_DMAMUX_REQ_GEN_RISING
Dma.USART1_RX.1.Priority=DMA_PRIORITY_LOW
Dma.USART1_RX.1.RequestNumber=1
Dma.USART1_RX.1.RequestParameters=Instance,Direction,PeriphInc,MemInc,PeriphDataAlignment,MemDataAlignment,Mode,Priority,FIFOMode,SignalID,Polarity,RequestNumber,SyncSignalID,SyncPolarity,SyncEnable,EventEnable,SyncRequestNumber
Dma.USART1_RX.1.SignalID=NONE
Dma.USART1_RX.1.SyncEnable=DISABLE
Dma.USART1_RX.1.SyncPolarity=HAL_DMAMUX_SYNC_NO_EVENT
Dma.USART1_RX.1.SyncRequestNumber=1
Dma.USART1_RX.1.SyncSignalID=NONE
Dma.USART2_RX.0.Direction=DMA_PERIPH_TO_MEMORY
Dma.USART2_RX.0.EventEnable=DISABLE
Dma.USART2_RX.0.FIFOMode=DMA_FIFOMODE_DISABLE
Dma.USART2_RX.0.Instance=DMA1_Stream0
Dma.USART2_RX.0.MemDataAlignment=DMA_MDATAALIGN_BYTE
Dma.USART2_RX.0.MemInc=DMA_MINC_ENABLE
Dma.USART2_RX.0.Mode=DMA_CIRCULAR
Dma.USART2_RX.0.PeriphDataAlignment=DMA_PDATAALIGN_BYTE
Dma.USART2_RX.0.PeriphInc=DMA_PINC_DISABLE
Dma.USART2_RX.0.Polarity=HAL_DMAMUX_REQ_GEN_RISING
Dma.USART2_RX.0.Priority=DMA_PRIORITY_LOW
Dma.USART2_RX.0.RequestNumber=1
Dma.USART2_RX.0.RequestParameters=Instance,Direction,PeriphInc,MemInc,PeriphDataAlignment,MemDataAlignment,Mode,Priority,FIFOMode,SignalID,Polarity,RequestNumber,SyncSignalID,SyncPolarity,SyncEnable,EventEnable,SyncRequestNumber
Dma.USART2_RX.0.SignalID=NONE
Dma.USART2_RX.0.SyncEnable=DISABLE
Dma.USART2_RX.0.SyncPolarity=HAL_DMAMUX_SYNC_NO_EVENT
Dma.USART2_RX.0.SyncRequestNumber=1
Dma.USART2_RX.0.SyncSignalID=NONE
Dma.USART3_RX.2.Direction=DMA_PERIPH_TO_MEMORY
Dma.USART3_RX.2.EventEnable=DISABLE
Dma.USART3_RX.2.FIFOMode=DMA_FIFOMODE_DISABLE
Dma.USART3_RX.2.Instance=DMA1_Stream2
Dma.USART3_RX.2.MemDataAlignment=DMA_MDATAALIGN_BYTE
Dma.USART3_RX.2.MemInc=DMA_MINC_ENABLE
Dma.USART3_RX.2.Mode=DMA_CIRCULAR
Dma.USART3_RX.2.PeriphDataAlignment=DMA_PDATAALIGN_BYTE
Dma.USART3_RX.2.PeriphInc=DMA_PINC_DISABLE
Dma.USART3_RX.2.Polarity=HAL_DMAMUX_REQ_GEN_RISING
Dma.USART3_RX.2.Priority=DMA_PRIORITY_LOW
Dma.USART3_RX.2.RequestNumber=1
Dma.USART3_RX.2.RequestParameters=Instance,Direction,PeriphInc,MemInc,PeriphDataAlignment,MemDataAlignment,Mode,Priority,FIFOMode,SignalID,Polarity,RequestNumber,SyncSignalID,SyncPolarity,SyncEnable,EventEnable,SyncRequestNumber
Dma.USART3_RX.2.SignalID=NONE
Dma.USART3_RX.2.SyncEnable=DISABLE
Dma.USART3_RX.2.SyncPolarity=HAL_DMAMUX_SYNC_NO_EVENT
Dma.USART3_RX.2.SyncRequestNumber=1
Dma.USART3_RX.2.SyncSignalID=NONE
FDCAN2.CalculateBaudRateNominal=1374999
FDCAN2.CalculateTimeBitNominal=727
FDCAN2.CalculateTimeQuantumNominal=145.45454545454547
FDCAN2.IPParameters=CalculateTimeQuantumNominal,CalculateTimeBitNominal,CalculateBaudRateNominal
FMC.AddressSetupTime1=10
FMC.BusTurnAroundDuration1=10
FMC.DataSetupTime1=20
FMC.ExtendedAddressSetupTime1=10
FMC.ExtendedBusTurnAroundDuration1=10
FMC.ExtendedDataSetupTime1=20
FMC.ExtendedMode1=FMC_EXTENDED_MODE_ENABLE
FMC.IPParameters=WriteOperation1,AddressSetupTime1,DataSetupTime1,BusTurnAroundDuration1,ExtendedMode1,ExtendedAddressSetupTime1,ExtendedDataSetupTime1,ExtendedBusTurnAroundDuration1
FMC.WriteOperation1=FMC_WRITE_OPERATION_ENABLE
File.Version=6
GPIO.groupedBy=Group By Peripherals
I2C1.I2C_Speed_Mode=I2C_Fast
I2C1.IPParameters=Timing,I2C_Speed_Mode
I2C1.Timing=0x00D049FB
I2C4.IPParameters=Timing
I2C4.Timing=0x60404E72
I2S1.AudioFreq=I2S_AUDIOFREQ_16K
I2S1.CPOL=I2S_CPOL_LOW
I2S1.DataFormat=I2S_DATAFORMAT_16B
I2S1.ErrorAudioFreq=-0.07 %
I2S1.IPParameters=Instance,RealAudioFreq,ErrorAudioFreq,AudioFreq,DataFormat,CPOL
I2S1.Instance=SPI$Index
I2S1.RealAudioFreq=15.988 KHz
KeepUserPlacement=false
Mcu.CPN=STM32H723ZGT6
Mcu.Family=STM32H7
Mcu.IP0=CORTEX_M7
Mcu.IP1=DEBUG
Mcu.IP10=RCC
Mcu.IP11=RTC
Mcu.IP12=SAI1
Mcu.IP13=SDMMC1
Mcu.IP14=SPI4
Mcu.IP15=SPI6
Mcu.IP16=SYS
Mcu.IP17=TIM1
Mcu.IP18=TIM3
Mcu.IP19=TIM13
Mcu.IP2=DMA
Mcu.IP20=USART1
Mcu.IP21=USART2
Mcu.IP22=USART3
Mcu.IP23=USART6
Mcu.IP24=USB_OTG_HS
Mcu.IP3=FDCAN2
Mcu.IP4=FMC
Mcu.IP5=I2C1
Mcu.IP6=I2C4
Mcu.IP7=I2S1
Mcu.IP8=NVIC
Mcu.IP9=OCTOSPI1
Mcu.IPNb=25
Mcu.Name=STM32H723ZGTx
Mcu.Package=LQFP144
Mcu.Pin0=PE2
Mcu.Pin1=PE3
Mcu.Pin10=PF2
Mcu.Pin100=PB9
Mcu.Pin101=PE0
Mcu.Pin102=PE1
Mcu.Pin103=VP_OCTOSPI1_VS_quad
Mcu.Pin104=VP_RTC_VS_RTC_Activate
Mcu.Pin105=VP_SAI1_VP_$IpInstance_SAIA_SAI_BASIC
Mcu.Pin106=VP_SYS_VS_Systick
Mcu.Pin107=VP_TIM1_VS_ClockSourceINT
Mcu.Pin108=VP_TIM3_VS_ClockSourceINT
Mcu.Pin109=VP_TIM13_VS_ClockSourceINT
Mcu.Pin11=PF3
Mcu.Pin12=PF4
Mcu.Pin13=PF5
Mcu.Pin14=PF6
Mcu.Pin15=PF7
Mcu.Pin16=PF8
Mcu.Pin17=PF9
Mcu.Pin18=PF10
Mcu.Pin19=PH0-OSC_IN
Mcu.Pin2=PE4
Mcu.Pin20=PH1-OSC_OUT
Mcu.Pin21=PC0
Mcu.Pin22=PC1
Mcu.Pin23=PC2_C
Mcu.Pin24=PC3_C
Mcu.Pin25=PA0
Mcu.Pin26=PA1
Mcu.Pin27=PA2
Mcu.Pin28=PA3
Mcu.Pin29=PA4
Mcu.Pin3=PE5
Mcu.Pin30=PA5
Mcu.Pin31=PA6
Mcu.Pin32=PA7
Mcu.Pin33=PC4
Mcu.Pin34=PC5
Mcu.Pin35=PB0
Mcu.Pin36=PB1
Mcu.Pin37=PB2
Mcu.Pin38=PF11
Mcu.Pin39=PF12
Mcu.Pin4=PE6
Mcu.Pin40=PF13
Mcu.Pin41=PF14
Mcu.Pin42=PF15
Mcu.Pin43=PG0
Mcu.Pin44=PG1
Mcu.Pin45=PE7
Mcu.Pin46=PE8
Mcu.Pin47=PE9
Mcu.Pin48=PE10
Mcu.Pin49=PE11
Mcu.Pin5=PC13
Mcu.Pin50=PE12
Mcu.Pin51=PE13
Mcu.Pin52=PE14
Mcu.Pin53=PB10
Mcu.Pin54=PB11
Mcu.Pin55=PB12
Mcu.Pin56=PB13
Mcu.Pin57=PB14
Mcu.Pin58=PB15
Mcu.Pin59=PD8
Mcu.Pin6=PC14-OSC32_IN
Mcu.Pin60=PD9
Mcu.Pin61=PD10
Mcu.Pin62=PD11
Mcu.Pin63=PD12
Mcu.Pin64=PD14
Mcu.Pin65=PD15
Mcu.Pin66=PG2
Mcu.Pin67=PG3
Mcu.Pin68=PG4
Mcu.Pin69=PG8
Mcu.Pin7=PC15-OSC32_OUT
Mcu.Pin70=PC6
Mcu.Pin71=PC7
Mcu.Pin72=PC8
Mcu.Pin73=PC9
Mcu.Pin74=PA8
Mcu.Pin75=PA9
Mcu.Pin76=PA11
Mcu.Pin77=PA12
Mcu.Pin78=PA13(JTMS/SWDIO)
Mcu.Pin79=PA14(JTCK/SWCLK)
Mcu.Pin8=PF0
Mcu.Pin80=PA15(JTDI)
Mcu.Pin81=PC10
Mcu.Pin82=PC11
Mcu.Pin83=PC12
Mcu.Pin84=PD0
Mcu.Pin85=PD1
Mcu.Pin86=PD2
Mcu.Pin87=PD4
Mcu.Pin88=PD5
Mcu.Pin89=PG9
Mcu.Pin9=PF1
Mcu.Pin90=PG11
Mcu.Pin91=PG12
Mcu.Pin92=PG13
Mcu.Pin93=PG14
Mcu.Pin94=PB3(JTDO/TRACESWO)
Mcu.Pin95=PB4(NJTRST)
Mcu.Pin96=PB5
Mcu.Pin97=PB6
Mcu.Pin98=PB7
Mcu.Pin99=PB8
Mcu.PinsNb=110
Mcu.ThirdPartyNb=0
Mcu.UserConstants=
Mcu.UserName=STM32H723ZGTx
MxCube.Version=6.7.0
MxDb.Version=DB.6.0.70
NVIC.BusFault_IRQn=true\:0\:0\:false\:false\:true\:false\:false\:false
NVIC.DMA1_Stream0_IRQn=true\:0\:0\:false\:false\:true\:false\:true\:true
NVIC.DMA1_Stream1_IRQn=true\:0\:0\:false\:false\:true\:false\:true\:true
NVIC.DMA1_Stream2_IRQn=true\:0\:0\:false\:false\:true\:false\:true\:true
NVIC.DMA1_Stream3_IRQn=true\:5\:0\:true\:false\:true\:false\:true\:true
NVIC.DMA1_Stream4_IRQn=true\:5\:0\:true\:false\:true\:false\:true\:true
NVIC.DMA1_Stream5_IRQn=true\:5\:0\:true\:false\:true\:false\:true\:true
NVIC.DebugMonitor_IRQn=true\:0\:0\:false\:false\:true\:false\:false\:false
NVIC.ForceEnableDMAVector=true
NVIC.HardFault_IRQn=true\:0\:0\:false\:false\:true\:false\:false\:false
NVIC.MemoryManagement_IRQn=true\:0\:0\:false\:false\:true\:false\:false\:false
NVIC.NonMaskableInt_IRQn=true\:0\:0\:false\:false\:true\:false\:false\:false
NVIC.PendSV_IRQn=true\:0\:0\:false\:false\:true\:false\:false\:false
NVIC.PriorityGroup=NVIC_PRIORITYGROUP_4
NVIC.SAI1_IRQn=true\:5\:0\:true\:false\:true\:true\:true\:true
NVIC.SDMMC1_IRQn=true\:4\:0\:true\:false\:true\:true\:true\:true
NVIC.SPI1_IRQn=true\:5\:0\:true\:false\:true\:true\:true\:true
NVIC.SPI4_IRQn=true\:5\:0\:true\:false\:true\:false\:true\:true
NVIC.SVCall_IRQn=true\:0\:0\:false\:false\:true\:false\:false\:false
NVIC.SysTick_IRQn=true\:15\:0\:false\:false\:true\:false\:true\:false
NVIC.UsageFault_IRQn=true\:0\:0\:false\:false\:true\:false\:false\:false
OCTOSPI1.ChipSelectHighTime=5
OCTOSPI1.ClockMode=HAL_OSPI_CLOCK_MODE_0
OCTOSPI1.ClockPrescaler=2
OCTOSPI1.DeviceSize=24
OCTOSPI1.FifoThreshold=4
OCTOSPI1.IPParameters=ClockMode,FifoThreshold,ClockPrescaler,ChipSelectHighTime,SampleShifting,DeviceSize
OCTOSPI1.SampleShifting=HAL_OSPI_SAMPLE_SHIFTING_HALFCYCLE
PA0.GPIOParameters=GPIO_Label
PA0.GPIO_Label=PA0_LED
PA0.Locked=true
PA0.Signal=GPIO_Input
PA1.Locked=true
PA1.Mode=OCTOSPI1_IOL_Port1L
PA1.Signal=OCTOSPIM_P1_IO3
PA11.Locked=true
PA11.Mode=Device_Only_FS
PA11.Signal=USB_OTG_HS_DM
PA12.Locked=true
PA12.Mode=Device_Only_FS
PA12.Signal=USB_OTG_HS_DP
PA13(JTMS/SWDIO).Mode=Serial_Wire
PA13(JTMS/SWDIO).Signal=DEBUG_JTMS-SWDIO
PA14(JTCK/SWCLK).Locked=true
PA14(JTCK/SWCLK).Mode=Serial_Wire
PA14(JTCK/SWCLK).Signal=DEBUG_JTCK-SWCLK
PA15(JTDI).GPIOParameters=GPIO_Speed
PA15(JTDI).GPIO_Speed=GPIO_SPEED_FREQ_HIGH
PA15(JTDI).Locked=true
PA15(JTDI).Mode=Half_Duplex_Master_Tx
PA15(JTDI).Signal=I2S1_WS
PA2.Locked=true
PA2.Mode=Asynchronous
PA2.Signal=USART2_TX
PA3.Locked=true
PA3.Mode=Asynchronous
PA3.Signal=USART2_RX
PA4.Locked=true
PA4.Signal=FMC_D8_DA8
PA5.Locked=true
PA5.Signal=FMC_D9_DA9
PA6.GPIOParameters=GPIO_Label
PA6.GPIO_Label=SD_CD
PA6.Locked=true
PA6.Signal=GPIO_Output
PA7.GPIOParameters=GPIO_Speed
PA7.GPIO_Speed=GPIO_SPEED_FREQ_HIGH
PA7.Locked=true
PA7.Mode=Half_Duplex_Master_Tx
PA7.Signal=I2S1_SDO
PA8.Locked=true
PA8.Signal=S_TIM1_CH1
PA9.Locked=true
PA9.Signal=S_TIM1_CH2
PB0.GPIOParameters=GPIO_Label
PB0.GPIO_Label=PB0_IO
PB0.Locked=true
PB0.Signal=GPIO_Output
PB1.GPIOParameters=GPIO_Label
PB1.GPIO_Label=PB1_IO
PB1.Locked=true
PB1.Signal=GPIO_Output
PB10.GPIOParameters=GPIO_Speed
PB10.GPIO_Speed=GPIO_SPEED_FREQ_HIGH
PB10.Locked=true
PB10.Mode=Asynchronous
PB10.Signal=USART3_TX
PB11.GPIOParameters=GPIO_Speed
PB11.GPIO_Speed=GPIO_SPEED_FREQ_HIGH
PB11.Locked=true
PB11.Mode=Asynchronous
PB11.Signal=USART3_RX
PB12.Locked=true
PB12.Mode=FDCAN_Activate
PB12.Signal=FDCAN2_RX
PB13.Locked=true
PB13.Mode=FDCAN_Activate
PB13.Signal=FDCAN2_TX
PB14.GPIOParameters=GPIO_Speed
PB14.GPIO_Speed=GPIO_SPEED_FREQ_HIGH
PB14.Locked=true
PB14.Mode=Asynchronous
PB14.Signal=USART1_TX
PB15.GPIOParameters=GPIO_Speed
PB15.GPIO_Speed=GPIO_SPEED_FREQ_HIGH
PB15.Locked=true
PB15.Mode=Asynchronous
PB15.Signal=USART1_RX
PB2.GPIOParameters=GPIO_Label
PB2.GPIO_Label=PB2_IO
PB2.Locked=true
PB2.Signal=GPIO_Output
PB3(JTDO/TRACESWO).Locked=true
PB3(JTDO/TRACESWO).Signal=DEBUG_JTDO-SWO
PB4(NJTRST).Signal=S_TIM3_CH1
PB5.Signal=S_TIM3_CH2
PB6.Mode=I2C
PB6.Signal=I2C1_SCL
PB7.Mode=I2C
PB7.Signal=I2C1_SDA
PB8.Locked=true
PB8.Mode=I2C
PB8.Signal=I2C4_SCL
PB9.GPIOParameters=GPIO_Label
PB9.GPIO_Label=W5300_BRDY0
PB9.Signal=GPIO_Input
PC0.Locked=true
PC0.Signal=FMC_D12_DA12
PC1.Locked=true
PC1.Mode=SAI_A_MasterWithClock
PC1.Signal=SAI1_SD_A
PC10.Locked=true
PC10.Mode=SD_4_bits_Wide_bus
PC10.Signal=SDMMC1_D2
PC11.Locked=true
PC11.Mode=SD_4_bits_Wide_bus
PC11.Signal=SDMMC1_D3
PC12.Locked=true
PC12.Mode=SD_4_bits_Wide_bus
PC12.Signal=SDMMC1_CK
PC13.GPIOParameters=GPIO_Label
PC13.GPIO_Label=W5300_BRDY1
PC13.Locked=true
PC13.Signal=GPIO_Input
PC14-OSC32_IN.Mode=LSE-External-Oscillator
PC14-OSC32_IN.Signal=RCC_OSC32_IN
PC15-OSC32_OUT.Mode=LSE-External-Oscillator
PC15-OSC32_OUT.Signal=RCC_OSC32_OUT
PC2_C.Locked=true
PC2_C.Mode=OCTOSPI1_IOL_Port1L
PC2_C.Signal=OCTOSPIM_P1_IO2
PC3_C.Locked=true
PC3_C.Mode=OCTOSPI1_IOL_Port1L
PC3_C.Signal=OCTOSPIM_P1_IO0
PC4.GPIOParameters=GPIO_Label
PC4.GPIO_Label=PC4_IO
PC4.Locked=true
PC4.Signal=GPIO_Output
PC5.GPIOParameters=GPIO_Label
PC5.GPIO_Label=PC5_IO
PC5.Locked=true
PC5.Signal=GPIO_Output
PC6.Locked=true
PC6.Mode=Asynchronous
PC6.Signal=USART6_TX
PC7.Locked=true
PC7.Mode=NorPsramChipSelect1_1
PC7.Signal=FMC_NE1
PC8.Locked=true
PC8.Mode=SD_4_bits_Wide_bus
PC8.Signal=SDMMC1_D0
PC9.Locked=true
PC9.Mode=SD_4_bits_Wide_bus
PC9.Signal=SDMMC1_D1
PD0.Locked=true
PD0.Signal=FMC_D2_DA2
PD1.Locked=true
PD1.Signal=FMC_D3_DA3
PD10.Locked=true
PD10.Signal=FMC_D15_DA15
PD11.GPIOParameters=GPIO_Label
PD11.GPIO_Label=I2S1_SD_MODE
PD11.Locked=true
PD11.Signal=GPIO_Output
PD12.GPIOParameters=GPIO_Speed
PD12.GPIO_Speed=GPIO_SPEED_FREQ_HIGH
PD12.Locked=true
PD12.Mode=Hardware Flow Control (RS485)
PD12.Signal=USART3_DE
PD14.Locked=true
PD14.Signal=FMC_D0_DA0
PD15.Locked=true
PD15.Signal=FMC_D1_DA1
PD2.Locked=true
PD2.Mode=SD_4_bits_Wide_bus
PD2.Signal=SDMMC1_CMD
PD4.Locked=true
PD4.Signal=FMC_NOE
PD5.Locked=true
PD5.Signal=FMC_NWE
PD8.Locked=true
PD8.Signal=FMC_D13_DA13
PD9.Locked=true
PD9.Signal=FMC_D14_DA14
PE0.GPIOParameters=GPIO_Label
PE0.GPIO_Label=W530_NINT
PE0.Locked=true
PE0.Signal=GPIO_Input
PE1.GPIOParameters=GPIO_Label
PE1.GPIO_Label=W530_NRES
PE1.Locked=true
PE1.Signal=GPIO_Output
PE10.Locked=true
PE10.Signal=FMC_D7_DA7
PE11.Mode=OCTOSPI1_Port1_NCS
PE11.Signal=OCTOSPIM_P1_NCS
PE12.GPIOParameters=GPIO_Speed
PE12.GPIO_Speed=GPIO_SPEED_FREQ_VERY_HIGH
PE12.Locked=true
PE12.Mode=TX_Only_Simplex_Unidirect_Master
PE12.Signal=SPI4_SCK
PE13.Locked=true
PE13.Signal=FMC_D10_DA10
PE14.Locked=true
PE14.Signal=FMC_D11_DA11
PE2.Locked=true
PE2.Mode=SAI_A_MasterWithClock
PE2.Signal=SAI1_MCLK_A
PE3.GPIOParameters=GPIO_Label
PE3.GPIO_Label=LED
PE3.Locked=true
PE3.Signal=GPIO_Output
PE4.Locked=true
PE4.Mode=SAI_A_MasterWithClock
PE4.Signal=SAI1_FS_A
PE5.Locked=true
PE5.Mode=SAI_A_MasterWithClock
PE5.Signal=SAI1_SCK_A
PE6.GPIOParameters=GPIO_Speed
PE6.GPIO_Speed=GPIO_SPEED_FREQ_VERY_HIGH
PE6.Locked=true
PE6.Mode=TX_Only_Simplex_Unidirect_Master
PE6.Signal=SPI4_MOSI
PE7.Locked=true
PE7.Signal=FMC_D4_DA4
PE8.Locked=true
PE8.Signal=FMC_D5_DA5
PE9.Locked=true
PE9.Signal=FMC_D6_DA6
PF0.Locked=true
PF0.Signal=FMC_A0
PF1.Locked=true
PF1.Signal=FMC_A1
PF10.Locked=true
PF10.Mode=O1_P1_CLK
PF10.Signal=OCTOSPIM_P1_CLK
PF11.GPIOParameters=GPIO_Label
PF11.GPIO_Label=PF11_IO
PF11.Locked=true
PF11.Signal=GPIO_Output
PF12.Locked=true
PF12.Signal=FMC_A6
PF13.Locked=true
PF13.Signal=FMC_A7
PF14.Locked=true
PF14.Signal=FMC_A8
PF15.Locked=true
PF15.Mode=I2C
PF15.Signal=I2C4_SDA
PF2.Locked=true
PF2.Signal=FMC_A2
PF3.Locked=true
PF3.Signal=FMC_A3
PF4.Locked=true
PF4.Signal=FMC_A4
PF5.Locked=true
PF5.Signal=FMC_A5
PF6.GPIOParameters=GPIO_Label
PF6.GPIO_Label=W5300_BRDY2
PF6.Locked=true
PF6.Signal=GPIO_Input
PF7.GPIOParameters=GPIO_Label
PF7.GPIO_Label=W5300_BRDY3
PF7.Locked=true
PF7.Signal=GPIO_Input
PF8.Locked=true
PF8.Signal=S_TIM13_CH1
PF9.Locked=true
PF9.Mode=OCTOSPI1_IOL_Port1L
PF9.Signal=OCTOSPIM_P1_IO1
PG0.GPIOParameters=GPIO_Label
PG0.GPIO_Label=PG0_IO
PG0.Locked=true
PG0.Signal=GPIO_Output
PG1.GPIOParameters=GPIO_Label
PG1.GPIO_Label=PG1_IO
PG1.Locked=true
PG1.Signal=GPIO_Output
PG11.GPIOParameters=GPIO_Speed
PG11.GPIO_Speed=GPIO_SPEED_FREQ_HIGH
PG11.Locked=true
PG11.Mode=Half_Duplex_Master_Tx
PG11.Signal=I2S1_CK
PG12.GPIOParameters=GPIO_Speed
PG12.GPIO_Speed=GPIO_SPEED_FREQ_VERY_HIGH
PG12.Locked=true
PG12.Mode=Full_Duplex_Master
PG12.Signal=SPI6_MISO
PG13.GPIOParameters=GPIO_Speed
PG13.GPIO_Speed=GPIO_SPEED_FREQ_VERY_HIGH
PG13.Locked=true
PG13.Mode=Full_Duplex_Master
PG13.Signal=SPI6_SCK
PG14.GPIOParameters=GPIO_Speed
PG14.GPIO_Speed=GPIO_SPEED_FREQ_VERY_HIGH
PG14.Locked=true
PG14.Mode=Full_Duplex_Master
PG14.Signal=SPI6_MOSI
PG2.GPIOParameters=GPIO_Label
PG2.GPIO_Label=PG2_BTN2
PG2.Locked=true
PG2.Signal=GPIO_Input
PG3.GPIOParameters=GPIO_Label
PG3.GPIO_Label=PG3_BTN1
PG3.Locked=true
PG3.Signal=GPIO_Input
PG4.GPIOParameters=GPIO_Label
PG4.GPIO_Label=PG4_BTN0
PG4.Locked=true
PG4.Signal=GPIO_Input
PG8.Locked=true
PG8.Mode=Hardware Flow Control (RS485)
PG8.Signal=USART6_DE
PG9.Locked=true
PG9.Mode=Asynchronous
PG9.Signal=USART6_RX
PH0-OSC_IN.Mode=HSE-External-Oscillator
PH0-OSC_IN.Signal=RCC_OSC_IN
PH1-OSC_OUT.Mode=HSE-External-Oscillator
PH1-OSC_OUT.Signal=RCC_OSC_OUT
PinOutPanel.RotationAngle=0
ProjectManager.AskForMigrate=true
ProjectManager.BackupPrevious=false
ProjectManager.CompilerOptimize=6
ProjectManager.ComputerToolchain=false
ProjectManager.CoupleFile=true
ProjectManager.CustomerFirmwarePackage=
ProjectManager.DefaultFWLocation=true
ProjectManager.DeletePrevious=true
ProjectManager.DeviceId=STM32H723ZGTx
ProjectManager.FirmwarePackage=STM32Cube FW_H7 V1.11.0
ProjectManager.FreePins=false
ProjectManager.HalAssertFull=false
ProjectManager.HeapSize=0x200
ProjectManager.KeepUserCode=true
ProjectManager.LastFirmware=true
ProjectManager.LibraryCopy=1
ProjectManager.MainLocation=Core/Src
ProjectManager.NoMain=false
ProjectManager.PreviousToolchain=STM32CubeIDE
ProjectManager.ProjectBuild=false
ProjectManager.ProjectFileName=iot_speaker.ioc
ProjectManager.ProjectName=iot_speaker
ProjectManager.ProjectStructure=
ProjectManager.RegisterCallBack=
ProjectManager.StackSize=0x400
ProjectManager.TargetToolchain=Makefile
ProjectManager.ToolChainLocation=
ProjectManager.UnderRoot=false
ProjectManager.functionlistsort=1-SystemClock_Config-RCC-false-HAL-false,2-MX_GPIO_Init-GPIO-false-HAL-true,3-MX_DMA_Init-DMA-false-HAL-true,4-MX_I2C1_Init-I2C1-false-HAL-true,5-MX_I2S1_Init-I2S1-false-HAL-true,6-MX_OCTOSPI1_Init-OCTOSPI1-false-HAL-true,7-MX_RTC_Init-RTC-false-HAL-true,8-MX_SAI1_Init-SAI1-false-HAL-true,9-MX_SDMMC1_SD_Init-SDMMC1-false-HAL-true,10-MX_SPI4_Init-SPI4-false-HAL-true,11-MX_USART1_UART_Init-USART1-false-HAL-true,12-MX_USART2_UART_Init-USART2-false-HAL-true,13-MX_USART3_UART_Init-USART3-false-HAL-true,14-MX_USB_OTG_HS_PCD_Init-USB_OTG_HS-false-HAL-true,15-MX_FDCAN2_Init-FDCAN2-false-HAL-true,16-MX_I2C4_Init-I2C4-false-HAL-true,17-MX_SPI6_Init-SPI6-false-HAL-true,18-MX_TIM1_Init-TIM1-false-HAL-true,19-MX_TIM3_Init-TIM3-false-HAL-true,20-MX_TIM13_Init-TIM13-false-HAL-true,21-MX_FMC_Init-FMC-false-HAL-true,22-MX_USART6_UART_Init-USART6-false-HAL-true,0-MX_CORTEX_M7_Init-CORTEX_M7-false-HAL-true
RCC.ADCFreq_Value=200000000
RCC.AHB12Freq_Value=275000000
RCC.AHB4Freq_Value=275000000
RCC.APB1Freq_Value=137500000
RCC.APB2Freq_Value=137500000
RCC.APB3Freq_Value=137500000
RCC.APB4Freq_Value=137500000
RCC.AXIClockFreq_Value=275000000
RCC.CECFreq_Value=32000
RCC.CKPERFreq_Value=64000000
RCC.CortexFreq_Value=550000000
RCC.CpuClockFreq_Value=550000000
RCC.D1CPREFreq_Value=550000000
RCC.D1PPRE=RCC_APB3_DIV2
RCC.D2PPRE1=RCC_APB1_DIV2
RCC.D2PPRE2=RCC_APB2_DIV2
RCC.D3PPRE=RCC_APB4_DIV2
RCC.DFSDMACLkFreq_Value=16406250
RCC.DFSDMFreq_Value=137500000
RCC.DIVM1=2
RCC.DIVM2=2
RCC.DIVM3=10
RCC.DIVN1=44
RCC.DIVN2=32
RCC.DIVN3=210
RCC.DIVP1=1
RCC.DIVP1Freq_Value=550000000
RCC.DIVP2Freq_Value=200000000
RCC.DIVP3=32
RCC.DIVP3Freq_Value=16406250
RCC.DIVQ1=5
RCC.DIVQ1Freq_Value=110000000
RCC.DIVQ2Freq_Value=200000000
RCC.DIVQ3Freq_Value=262500000
RCC.DIVR1Freq_Value=275000000
RCC.DIVR2Freq_Value=200000000
RCC.DIVR3Freq_Value=262500000
RCC.FDCANFreq_Value=110000000
RCC.FMCFreq_Value=275000000
RCC.FamilyName=M
RCC.HCLK3ClockFreq_Value=275000000
RCC.HCLKFreq_Value=275000000
RCC.HPRE=RCC_HCLK_DIV2
RCC.I2C123Freq_Value=137500000
RCC.I2C4Freq_Value=137500000
RCC.IPParameters=ADCFreq_Value,AHB12Freq_Value,AHB4Freq_Value,APB1Freq_Value,APB2Freq_Value,APB3Freq_Value,APB4Freq_Value,AXIClockFreq_Value,CECFreq_Value,CKPERFreq_Value,CortexFreq_Value,CpuClockFreq_Value,D1CPREFreq_Value,D1PPRE,D2PPRE1,D2PPRE2,D3PPRE,DFSDMACLkFreq_Value,DFSDMFreq_Value,DIVM1,DIVM2,DIVM3,DIVN1,DIVN2,DIVN3,DIVP1,DIVP1Freq_Value,DIVP2Freq_Value,DIVP3,DIVP3Freq_Value,DIVQ1,DIVQ1Freq_Value,DIVQ2Freq_Value,DIVQ3Freq_Value,DIVR1Freq_Value,DIVR2Freq_Value,DIVR3Freq_Value,FDCANFreq_Value,FMCFreq_Value,FamilyName,HCLK3ClockFreq_Value,HCLKFreq_Value,HPRE,I2C123Freq_Value,I2C4Freq_Value,LPTIM1Freq_Value,LPTIM2Freq_Value,LPTIM345Freq_Value,LPUART1Freq_Value,LTDCFreq_Value,MCO1PinFreq_Value,MCO2PinFreq_Value,PLL1_VCO_SEL-AdvancedSettings,PLL2FRACN,PLL2_VCI_Range-AdvancedSettings,PLL3FRACN,PLLFRACN,PLLSourceVirtual,QSPICLockSelection,QSPIFreq_Value,RNGFreq_Value,RTCClockSelection,RTCFreq_Value,SAI1CLockSelection,SAI1Freq_Value,SAI4AFreq_Value,SAI4BFreq_Value,SDMMC1CLockSelection,SDMMCFreq_Value,SPDIFRXFreq_Value,SPI123Freq_Value,SPI45Freq_Value,SPI6Freq_Value,SWPMI1Freq_Value,SYSCLKFreq_VALUE,SYSCLKSource,Spi45ClockSelection,Tim1OutputFreq_Value,Tim2OutputFreq_Value,TraceFreq_Value,USART16Freq_Value,USART234578Freq_Value,USBCLockSelection,USBFreq_Value,VCO1OutputFreq_Value,VCO2OutputFreq_Value,VCO3OutputFreq_Value,VCOInput1Freq_Value,VCOInput2Freq_Value,VCOInput3Freq_Value
RCC.LPTIM1Freq_Value=137500000
RCC.LPTIM2Freq_Value=137500000
RCC.LPTIM345Freq_Value=137500000
RCC.LPUART1Freq_Value=137500000
RCC.LTDCFreq_Value=262500000
RCC.MCO1PinFreq_Value=64000000
RCC.MCO2PinFreq_Value=550000000
RCC.PLL1_VCO_SEL-AdvancedSettings=RCC_PLL1VCOWIDE
RCC.PLL2FRACN=0
RCC.PLL2_VCI_Range-AdvancedSettings=RCC_PLL2VCIRANGE_1
RCC.PLL3FRACN=0
RCC.PLLFRACN=0
RCC.PLLSourceVirtual=RCC_PLLSOURCE_HSE
RCC.QSPICLockSelection=RCC_OSPICLKSOURCE_PLL2
RCC.QSPIFreq_Value=200000000
RCC.RNGFreq_Value=48000000
RCC.RTCClockSelection=RCC_RTCCLKSOURCE_LSE
RCC.RTCFreq_Value=32768
RCC.SAI1CLockSelection=RCC_SAI1CLKSOURCE_PLL3
RCC.SAI1Freq_Value=16406250
RCC.SAI4AFreq_Value=110000000
RCC.SAI4BFreq_Value=110000000
RCC.SDMMC1CLockSelection=RCC_SDMMCCLKSOURCE_PLL2
RCC.SDMMCFreq_Value=200000000
RCC.SPDIFRXFreq_Value=110000000
RCC.SPI123Freq_Value=110000000
RCC.SPI45Freq_Value=200000000
RCC.SPI6Freq_Value=137500000
RCC.SWPMI1Freq_Value=137500000
RCC.SYSCLKFreq_VALUE=550000000
RCC.SYSCLKSource=RCC_SYSCLKSOURCE_PLLCLK
RCC.Spi45ClockSelection=RCC_SPI45CLKSOURCE_PLL2
RCC.Tim1OutputFreq_Value=275000000
RCC.Tim2OutputFreq_Value=275000000
RCC.TraceFreq_Value=275000000
RCC.USART16Freq_Value=137500000
RCC.USART234578Freq_Value=137500000
RCC.USBCLockSelection=RCC_USBCLKSOURCE_HSI48
RCC.USBFreq_Value=48000000
RCC.VCO1OutputFreq_Value=550000000
RCC.VCO2OutputFreq_Value=400000000
RCC.VCO3OutputFreq_Value=525000000
RCC.VCOInput1Freq_Value=12500000
RCC.VCOInput2Freq_Value=12500000
RCC.VCOInput3Freq_Value=2500000
SAI1.AudioFrequency-SAI_A_MasterWithClock=SAI_AUDIO_FREQUENCY_16K
SAI1.BasicDataSize-SAI_A_MasterWithClock=SAI_PROTOCOL_DATASIZE_16BIT
SAI1.ErrorAudioFreq-SAI_A_MasterWithClock=0.13 %
SAI1.IPParameters=Instance-SAI_A_MasterWithClock,VirtualMode-SAI_A_MasterWithClock,MckOutput-SAI_A_MasterWithClock,RealAudioFreq-SAI_A_MasterWithClock,ErrorAudioFreq-SAI_A_MasterWithClock,InitProtocol-SAI_A_MasterWithClock,VirtualProtocol-SAI_A_BASIC,AudioFrequency-SAI_A_MasterWithClock,BasicDataSize-SAI_A_MasterWithClock,NoDivider-SAI_A_MasterWithClock
SAI1.InitProtocol-SAI_A_MasterWithClock=Enable
SAI1.Instance-SAI_A_MasterWithClock=SAI$Index_Block_A
SAI1.MckOutput-SAI_A_MasterWithClock=SAI_MCK_OUTPUT_ENABLE
SAI1.NoDivider-SAI_A_MasterWithClock=SAI_MASTERDIVIDER_ENABLE
SAI1.RealAudioFreq-SAI_A_MasterWithClock=16.021 KHz
SAI1.VirtualMode-SAI_A_MasterWithClock=VM_MASTER
SAI1.VirtualProtocol-SAI_A_BASIC=VM_BASIC_PROTOCOL
SDMMC1.ClockDiv=4
SDMMC1.IPParameters=ClockDiv
SH.FMC_A0.0=FMC_A0,9b-a1
SH.FMC_A0.ConfNb=1
SH.FMC_A1.0=FMC_A1,9b-a1
SH.FMC_A1.ConfNb=1
SH.FMC_A2.0=FMC_A2,9b-a1
SH.FMC_A2.ConfNb=1
SH.FMC_A3.0=FMC_A3,9b-a1
SH.FMC_A3.ConfNb=1
SH.FMC_A4.0=FMC_A4,9b-a1
SH.FMC_A4.ConfNb=1
SH.FMC_A5.0=FMC_A5,9b-a1
SH.FMC_A5.ConfNb=1
SH.FMC_A6.0=FMC_A6,9b-a1
SH.FMC_A6.ConfNb=1
SH.FMC_A7.0=FMC_A7,9b-a1
SH.FMC_A7.ConfNb=1
SH.FMC_A8.0=FMC_A8,9b-a1
SH.FMC_A8.ConfNb=1
SH.FMC_D0_DA0.0=FMC_D0,16b-d1
SH.FMC_D0_DA0.ConfNb=1
SH.FMC_D10_DA10.0=FMC_D10,16b-d1
SH.FMC_D10_DA10.ConfNb=1
SH.FMC_D11_DA11.0=FMC_D11,16b-d1
SH.FMC_D11_DA11.ConfNb=1
SH.FMC_D12_DA12.0=FMC_D12,16b-d1
SH.FMC_D12_DA12.ConfNb=1
SH.FMC_D13_DA13.0=FMC_D13,16b-d1
SH.FMC_D13_DA13.ConfNb=1
SH.FMC_D14_DA14.0=FMC_D14,16b-d1
SH.FMC_D14_DA14.ConfNb=1
SH.FMC_D15_DA15.0=FMC_D15,16b-d1
SH.FMC_D15_DA15.ConfNb=1
SH.FMC_D1_DA1.0=FMC_D1,16b-d1
SH.FMC_D1_DA1.ConfNb=1
SH.FMC_D2_DA2.0=FMC_D2,16b-d1
SH.FMC_D2_DA2.ConfNb=1
SH.FMC_D3_DA3.0=FMC_D3,16b-d1
SH.FMC_D3_DA3.ConfNb=1
SH.FMC_D4_DA4.0=FMC_D4,16b-d1
SH.FMC_D4_DA4.ConfNb=1
SH.FMC_D5_DA5.0=FMC_D5,16b-d1
SH.FMC_D5_DA5.ConfNb=1
SH.FMC_D6_DA6.0=FMC_D6,16b-d1
SH.FMC_D6_DA6.ConfNb=1
SH.FMC_D7_DA7.0=FMC_D7,16b-d1
SH.FMC_D7_DA7.ConfNb=1
SH.FMC_D8_DA8.0=FMC_D8,16b-d1
SH.FMC_D8_DA8.ConfNb=1
SH.FMC_D9_DA9.0=FMC_D9,16b-d1
SH.FMC_D9_DA9.ConfNb=1
SH.FMC_NOE.0=FMC_NOE,Sram1
SH.FMC_NOE.ConfNb=1
SH.FMC_NWE.0=FMC_NWE,Sram1
SH.FMC_NWE.ConfNb=1
SH.S_TIM13_CH1.0=TIM13_CH1,PWM Generation1 CH1
SH.S_TIM13_CH1.ConfNb=1
SH.S_TIM1_CH1.0=TIM1_CH1,PWM Generation1 CH1
SH.S_TIM1_CH1.ConfNb=1
SH.S_TIM1_CH2.0=TIM1_CH2,PWM Generation2 CH2
SH.S_TIM1_CH2.ConfNb=1
SH.S_TIM3_CH1.0=TIM3_CH1,PWM Generation1 CH1
SH.S_TIM3_CH1.ConfNb=1
SH.S_TIM3_CH2.0=TIM3_CH2,PWM Generation2 CH2
SH.S_TIM3_CH2.ConfNb=1
SPI4.BaudRatePrescaler=SPI_BAUDRATEPRESCALER_4
SPI4.CalculateBaudRate=50.0 MBits/s
SPI4.DataSize=SPI_DATASIZE_8BIT
SPI4.Direction=SPI_DIRECTION_2LINES_TXONLY
SPI4.IPParameters=VirtualType,Mode,Direction,CalculateBaudRate,DataSize,BaudRatePrescaler,NSSPMode
SPI4.Mode=SPI_MODE_MASTER
SPI4.NSSPMode=SPI_NSS_PULSE_DISABLE
SPI4.VirtualType=VM_MASTER
SPI6.CalculateBaudRate=68.75 MBits/s
SPI6.Direction=SPI_DIRECTION_2LINES
SPI6.IPParameters=VirtualType,Mode,Direction,CalculateBaudRate
SPI6.Mode=SPI_MODE_MASTER
SPI6.VirtualType=VM_MASTER
TIM1.Channel-PWM\ Generation1\ CH1=TIM_CHANNEL_1
TIM1.Channel-PWM\ Generation2\ CH2=TIM_CHANNEL_2
TIM1.IPParameters=Channel-PWM Generation1 CH1,Channel-PWM Generation2 CH2
TIM13.AutoReloadPreload=TIM_AUTORELOAD_PRELOAD_ENABLE
TIM13.Channel=TIM_CHANNEL_1
TIM13.IPParameters=Channel,Prescaler,Period,AutoReloadPreload,OCFastMode_PWM
TIM13.OCFastMode_PWM=TIM_OCFAST_ENABLE
TIM13.Period=0
TIM13.Prescaler=274
TIM3.Channel-PWM\ Generation1\ CH1=TIM_CHANNEL_1
TIM3.Channel-PWM\ Generation2\ CH2=TIM_CHANNEL_2
TIM3.IPParameters=Channel-PWM Generation1 CH1,Channel-PWM Generation2 CH2
USART1.IPParameters=VirtualMode-Asynchronous
USART1.VirtualMode-Asynchronous=VM_ASYNC
USART2.IPParameters=VirtualMode-Asynchronous
USART2.VirtualMode-Asynchronous=VM_ASYNC
USART3.IPParameters=VirtualMode-Asynchronous,VirtualMode-Hardware Flow Control (RS485)
USART3.VirtualMode-Asynchronous=VM_ASYNC
USART3.VirtualMode-Hardware\ Flow\ Control\ (RS485)=VM_ASYNC
USART6.IPParameters=VirtualMode-Asynchronous,VirtualMode-Hardware Flow Control (RS485)
USART6.VirtualMode-Asynchronous=VM_ASYNC
USART6.VirtualMode-Hardware\ Flow\ Control\ (RS485)=VM_ASYNC
USB_OTG_HS.IPParameters=VirtualMode-Device_Only_FS
USB_OTG_HS.VirtualMode-Device_Only_FS=Device_Only_FS
VP_OCTOSPI1_VS_quad.Mode=quad_mode
VP_OCTOSPI1_VS_quad.Signal=OCTOSPI1_VS_quad
VP_RTC_VS_RTC_Activate.Mode=RTC_Enabled
VP_RTC_VS_RTC_Activate.Signal=RTC_VS_RTC_Activate
VP_SAI1_VP_$IpInstance_SAIA_SAI_BASIC.Mode=SAI_A_BASIC
VP_SAI1_VP_$IpInstance_SAIA_SAI_BASIC.Signal=SAI1_VP_$IpInstance_SAIA_SAI_BASIC
VP_SYS_VS_Systick.Mode=SysTick
VP_SYS_VS_Systick.Signal=SYS_VS_Systick
VP_TIM13_VS_ClockSourceINT.Mode=Enable_Timer
VP_TIM13_VS_ClockSourceINT.Signal=TIM13_VS_ClockSourceINT
VP_TIM1_VS_ClockSourceINT.Mode=Internal
VP_TIM1_VS_ClockSourceINT.Signal=TIM1_VS_ClockSourceINT
VP_TIM3_VS_ClockSourceINT.Mode=Internal
VP_TIM3_VS_ClockSourceINT.Signal=TIM3_VS_ClockSourceINT
board=custom
